// !$*UTF8*$!
{
	archiveVersion = 1;
	classes = {
	};
	objectVersion = 46;
	objects = {

/* Begin PBXBuildFile section */
		364A91361F6BB5F6009C8B52 /* AppDelegate.swift in Sources */ = {isa = PBXBuildFile; fileRef = 364A91351F6BB5F6009C8B52 /* AppDelegate.swift */; };
		364A91381F6BB5F6009C8B52 /* ViewController.swift in Sources */ = {isa = PBXBuildFile; fileRef = 364A91371F6BB5F6009C8B52 /* ViewController.swift */; };
		364A913B1F6BB5F6009C8B52 /* Main.storyboard in Resources */ = {isa = PBXBuildFile; fileRef = 364A91391F6BB5F6009C8B52 /* Main.storyboard */; };
		364A913D1F6BB5F6009C8B52 /* Assets.xcassets in Resources */ = {isa = PBXBuildFile; fileRef = 364A913C1F6BB5F6009C8B52 /* Assets.xcassets */; };
		364A91401F6BB5F6009C8B52 /* LaunchScreen.storyboard in Resources */ = {isa = PBXBuildFile; fileRef = 364A913E1F6BB5F6009C8B52 /* LaunchScreen.storyboard */; };
		364A91481F6BCD0A009C8B52 /* WebVC.swift in Sources */ = {isa = PBXBuildFile; fileRef = 364A91471F6BCD0A009C8B52 /* WebVC.swift */; };
/* End PBXBuildFile section */

/* Begin PBXFileReference section */
		364A91321F6BB5F6009C8B52 /* MixerApp Plus.app */ = {isa = PBXFileReference; explicitFileType = wrapper.application; includeInIndex = 0; path = "MixerApp Plus.app"; sourceTree = BUILT_PRODUCTS_DIR; };
		364A91351F6BB5F6009C8B52 /* AppDelegate.swift */ = {isa = PBXFileReference; lastKnownFileType = sourcecode.swift; path = AppDelegate.swift; sourceTree = "<group>"; };
		364A91371F6BB5F6009C8B52 /* ViewController.swift */ = {isa = PBXFileReference; lastKnownFileType = sourcecode.swift; path = ViewController.swift; sourceTree = "<group>"; };
		364A913A1F6BB5F6009C8B52 /* Base */ = {isa = PBXFileReference; lastKnownFileType = file.storyboard; name = Base; path = Base.lproj/Main.storyboard; sourceTree = "<group>"; };
		364A913C1F6BB5F6009C8B52 /* Assets.xcassets */ = {isa = PBXFileReference; lastKnownFileType = folder.assetcatalog; path = Assets.xcassets; sourceTree = "<group>"; };
		364A913F1F6BB5F6009C8B52 /* Base */ = {isa = PBXFileReference; lastKnownFileType = file.storyboard; name = Base; path = Base.lproj/LaunchScreen.storyboard; sourceTree = "<group>"; };
		364A91411F6BB5F6009C8B52 /* Info.plist */ = {isa = PBXFileReference; lastKnownFileType = text.plist.xml; path = Info.plist; sourceTree = "<group>"; };
		364A91471F6BCD0A009C8B52 /* WebVC.swift */ = {isa = PBXFileReference; fileEncoding = 4; lastKnownFileType = sourcecode.swift; path = WebVC.swift; sourceTree = "<group>"; };
/* End PBXFileReference section */

/* Begin PBXFrameworksBuildPhase section */
		364A912F1F6BB5F6009C8B52 /* Frameworks */ = {
			isa = PBXFrameworksBuildPhase;
			buildActionMask = 2147483647;
			files = (
			);
			runOnlyForDeploymentPostprocessing = 0;
		};
/* End PBXFrameworksBuildPhase section */

/* Begin PBXGroup section */
		364A91291F6BB5F6009C8B52 = {
			isa = PBXGroup;
			children = (
				364A91341F6BB5F6009C8B52 /* MixerApp Plus */,
				364A91331F6BB5F6009C8B52 /* Products */,
			);
			sourceTree = "<group>";
		};
		364A91331F6BB5F6009C8B52 /* Products */ = {
			isa = PBXGroup;
			children = (
				364A91321F6BB5F6009C8B52 /* MixerApp Plus.app */,
			);
			name = Products;
			sourceTree = "<group>";
		};
		364A91341F6BB5F6009C8B52 /* MixerApp Plus */ = {
			isa = PBXGroup;
			children = (
				364A91351F6BB5F6009C8B52 /* AppDelegate.swift */,
				364A91371F6BB5F6009C8B52 /* ViewController.swift */,
				364A91391F6BB5F6009C8B52 /* Main.storyboard */,
				364A913C1F6BB5F6009C8B52 /* Assets.xcassets */,
				364A913E1F6BB5F6009C8B52 /* LaunchScreen.storyboard */,
				364A91411F6BB5F6009C8B52 /* Info.plist */,
				364A91471F6BCD0A009C8B52 /* WebVC.swift */,
			);
			path = "MixerApp Plus";
			sourceTree = "<group>";
		};
/* End PBXGroup section */

/* Begin PBXNativeTarget section */
		364A91311F6BB5F6009C8B52 /* MixerApp Plus */ = {
			isa = PBXNativeTarget;
			buildConfigurationList = 364A91441F6BB5F6009C8B52 /* Build configuration list for PBXNativeTarget "MixerApp Plus" */;
			buildPhases = (
				364A912E1F6BB5F6009C8B52 /* Sources */,
				364A912F1F6BB5F6009C8B52 /* Frameworks */,
				364A91301F6BB5F6009C8B52 /* Resources */,
			);
			buildRules = (
			);
			dependencies = (
			);
			name = "MixerApp Plus";
			productName = "MixerApp Plus";
			productReference = 364A91321F6BB5F6009C8B52 /* MixerApp Plus.app */;
			productType = "com.apple.product-type.application";
		};
/* End PBXNativeTarget section */

/* Begin PBXProject section */
		364A912A1F6BB5F6009C8B52 /* Project object */ = {
			isa = PBXProject;
			attributes = {
				LastSwiftUpdateCheck = 0830;
				LastUpgradeCheck = 0830;
				ORGANIZATIONNAME = "Syed Askari";
				TargetAttributes = {
					364A91311F6BB5F6009C8B52 = {
						CreatedOnToolsVersion = 8.3.3;
						DevelopmentTeam = 49MZGARGS9;
						ProvisioningStyle = Automatic;
					};
				};
			};
			buildConfigurationList = 364A912D1F6BB5F6009C8B52 /* Build configuration list for PBXProject "MixerApp Plus" */;
			compatibilityVersion = "Xcode 3.2";
			developmentRegion = English;
			hasScannedForEncodings = 0;
			knownRegions = (
				en,
				Base,
			);
			mainGroup = 364A91291F6BB5F6009C8B52;
			productRefGroup = 364A91331F6BB5F6009C8B52 /* Products */;
			projectDirPath = "";
			projectRoot = "";
			targets = (
				364A91311F6BB5F6009C8B52 /* MixerApp Plus */,
			);
		};
/* End PBXProject section */

/* Begin PBXResourcesBuildPhase section */
		364A91301F6BB5F6009C8B52 /* Resources */ = {
			isa = PBXResourcesBuildPhase;
			buildActionMask = 2147483647;
			files = (
				364A91401F6BB5F6009C8B52 /* LaunchScreen.storyboard in Resources */,
				364A913D1F6BB5F6009C8B52 /* Assets.xcassets in Resources */,
				364A913B1F6BB5F6009C8B52 /* Main.storyboard in Resources */,
			);
			runOnlyForDeploymentPostprocessing = 0;
		};
/* End PBXResourcesBuildPhase section */

/* Begin PBXSourcesBuildPhase section */
		364A912E1F6BB5F6009C8B52 /* Sources */ = {
			isa = PBXSourcesBuildPhase;
			buildActionMask = 2147483647;
			files = (
				364A91481F6BCD0A009C8B52 /* WebVC.swift in Sources */,
				364A91381F6BB5F6009C8B52 /* ViewController.swift in Sources */,
				364A91361F6BB5F6009C8B52 /* AppDelegate.swift in Sources */,
			);
			runOnlyForDeploymentPostprocessing = 0;
		};
/* End PBXSourcesBuildPhase section */

/* Begin PBXVariantGroup section */
		364A91391F6BB5F6009C8B52 /* Main.storyboard */ = {
			isa = PBXVariantGroup;
			children = (
				364A913A1F6BB5F6009C8B52 /* Base */,
			);
			name = Main.storyboard;
			sourceTree = "<group>";
		};
		364A913E1F6BB5F6009C8B52 /* LaunchScreen.storyboard */ = {
			isa = PBXVariantGroup;
			children = (
				364A913F1F6BB5F6009C8B52 /* Base */,
			);
			name = LaunchScreen.storyboard;
			sourceTree = "<group>";
		};
/* End PBXVariantGroup section */

/* Begin XCBuildConfiguration section */
		364A91421F6BB5F6009C8B52 /* Debug */ = {
			isa = XCBuildConfiguration;
			buildSettings = {
				ALWAYS_SEARCH_USER_PATHS = NO;
				CLANG_ANALYZER_NONNULL = YES;
				CLANG_ANALYZER_NUMBER_OBJECT_CONVERSION = YES_AGGRESSIVE;
				CLANG_CXX_LANGUAGE_STANDARD = "gnu++0x";
				CLANG_CXX_LIBRARY = "libc++";
				CLANG_ENABLE_MODULES = YES;
				CLANG_ENABLE_OBJC_ARC = YES;
				CLANG_WARN_BOOL_CONVERSION = YES;
				CLANG_WARN_CONSTANT_CONVERSION = YES;
				CLANG_WARN_DIRECT_OBJC_ISA_USAGE = YES_ERROR;
				CLANG_WARN_DOCUMENTATION_COMMENTS = YES;
				CLANG_WARN_EMPTY_BODY = YES;
				CLANG_WARN_ENUM_CONVERSION = YES;
				CLANG_WARN_INFINITE_RECURSION = YES;
				CLANG_WARN_INT_CONVERSION = YES;
				CLANG_WARN_OBJC_ROOT_CLASS = YES_ERROR;
				CLANG_WARN_SUSPICIOUS_MOVE = YES;
				CLANG_WARN_UNREACHABLE_CODE = YES;
				CLANG_WARN__DUPLICATE_METHOD_MATCH = YES;
				"CODE_SIGN_IDENTITY[sdk=iphoneos*]" = "iPhone Developer";
				COPY_PHASE_STRIP = NO;
				DEBUG_INFORMATION_FORMAT = dwarf;
				ENABLE_STRICT_OBJC_MSGSEND = YES;
				ENABLE_TESTABILITY = YES;
				GCC_C_LANGUAGE_STANDARD = gnu99;
				GCC_DYNAMIC_NO_PIC = NO;
				GCC_NO_COMMON_BLOCKS = YES;
				GCC_OPTIMIZATION_LEVEL = 0;
				GCC_PREPROCESSOR_DEFINITIONS = (
					"DEBUG=1",
					"$(inherited)",
				);
				GCC_WARN_64_TO_32_BIT_CONVERSION = YES;
				GCC_WARN_ABOUT_RETURN_TYPE = YES_ERROR;
				GCC_WARN_UNDECLARED_SELECTOR = YES;
				GCC_WARN_UNINITIALIZED_AUTOS = YES_AGGRESSIVE;
				GCC_WARN_UNUSED_FUNCTION = YES;
				GCC_WARN_UNUSED_VARIABLE = YES;
				IPHONEOS_DEPLOYMENT_TARGET = 10.3;
				MTL_ENABLE_DEBUG_INFO = YES;
				ONLY_ACTIVE_ARCH = YES;
				SDKROOT = iphoneos;
				SWIFT_ACTIVE_COMPILATION_CONDITIONS = DEBUG;
				SWIFT_OPTIMIZATION_LEVEL = "-Onone";
				TARGETED_DEVICE_FAMILY = "1,2";
			};
			name = Debug;
		};
		364A91431F6BB5F6009C8B52 /* Release */ = {
			isa = XCBuildConfiguration;
			buildSettings = {
				ALWAYS_SEARCH_USER_PATHS = NO;
				CLANG_ANALYZER_NONNULL = YES;
				CLANG_ANALYZER_NUMBER_OBJECT_CONVERSION = YES_AGGRESSIVE;
				CLANG_CXX_LANGUAGE_STANDARD = "gnu++0x";
				CLANG_CXX_LIBRARY = "libc++";
				CLANG_ENABLE_MODULES = YES;
				CLANG_ENABLE_OBJC_ARC = YES;
				CLANG_WARN_BOOL_CONVERSION = YES;
				CLANG_WARN_CONSTANT_CONVERSION = YES;
				CLANG_WARN_DIRECT_OBJC_ISA_USAGE = YES_ERROR;
				CLANG_WARN_DOCUMENTATION_COMMENTS = YES;
				CLANG_WARN_EMPTY_BODY = YES;
				CLANG_WARN_ENUM_CONVERSION = YES;
				CLANG_WARN_INFINITE_RECURSION = YES;
				CLANG_WARN_INT_CONVERSION = YES;
				CLANG_WARN_OBJC_ROOT_CLASS = YES_ERROR;
				CLANG_WARN_SUSPICIOUS_MOVE = YES;
				CLANG_WARN_UNREACHABLE_CODE = YES;
				CLANG_WARN__DUPLICATE_METHOD_MATCH = YES;
				"CODE_SIGN_IDENTITY[sdk=iphoneos*]" = "iPhone Developer";
				COPY_PHASE_STRIP = NO;
				DEBUG_INFORMATION_FORMAT = "dwarf-with-dsym";
				ENABLE_NS_ASSERTIONS = NO;
				ENABLE_STRICT_OBJC_MSGSEND = YES;
				GCC_C_LANGUAGE_STANDARD = gnu99;
				GCC_NO_COMMON_BLOCKS = YES;
				GCC_WARN_64_TO_32_BIT_CONVERSION = YES;
				GCC_WARN_ABOUT_RETURN_TYPE = YES_ERROR;
				GCC_WARN_UNDECLARED_SELECTOR = YES;
				GCC_WARN_UNINITIALIZED_AUTOS = YES_AGGRESSIVE;
				GCC_WARN_UNUSED_FUNCTION = YES;
				GCC_WARN_UNUSED_VARIABLE = YES;
				IPHONEOS_DEPLOYMENT_TARGET = 10.3;
				MTL_ENABLE_DEBUG_INFO = NO;
				SDKROOT = iphoneos;
				SWIFT_OPTIMIZATION_LEVEL = "-Owholemodule";
				TARGETED_DEVICE_FAMILY = "1,2";
				VALIDATE_PRODUCT = YES;
			};
			name = Release;
		};
		364A91451F6BB5F6009C8B52 /* Debug */ = {
			isa = XCBuildConfiguration;
			buildSettings = {
				ASSETCATALOG_COMPILER_APPICON_NAME = AppIcon;
				DEVELOPMENT_TEAM = 49MZGARGS9;
				INFOPLIST_FILE = "MixerApp Plus/Info.plist";
				LD_RUNPATH_SEARCH_PATHS = "$(inherited) @executable_path/Frameworks";
				PRODUCT_BUNDLE_IDENTIFIER = "com.ILCSDCAC.MixerApp-Plus";
				PRODUCT_NAME = "$(TARGET_NAME)";
				SWIFT_VERSION = 3.0;
				TARGETED_DEVICE_FAMILY = 1;
			};
			name = Debug;
		};
		364A91461F6BB5F6009C8B52 /* Release */ = {
			isa = XCBuildConfiguration;
			buildSettings = {
				ASSETCATALOG_COMPILER_APPICON_NAME = AppIcon;
				DEVELOPMENT_TEAM = 49MZGARGS9;
				INFOPLIST_FILE = "MixerApp Plus/Info.plist";
				LD_RUNPATH_SEARCH_PATHS = "$(inherited) @executable_path/Frameworks";
				PRODUCT_BUNDLE_IDENTIFIER = "com.ILCSDCAC.MixerApp-Plus";
				PRODUCT_NAME = "$(TARGET_NAME)";
				SWIFT_VERSION = 3.0;
				TARGETED_DEVICE_FAMILY = 1;
			};
			name = Release;
		};
/* End XCBuildConfiguration section */

/* Begin XCConfigurationList section */
		364A912D1F6BB5F6009C8B52 /* Build configuration list for PBXProject "MixerApp Plus" */ = {
			isa = XCConfigurationList;
			buildConfigurations = (
				364A91421F6BB5F6009C8B52 /* Debug */,
				364A91431F6BB5F6009C8B52 /* Release */,
			);
			defaultConfigurationIsVisible = 0;
			defaultConfigurationName = Release;
		};
		364A91441F6BB5F6009C8B52 /* Build configuration list for PBXNativeTarget "MixerApp Plus" */ = {
			isa = XCConfigurationList;
			buildConfigurations = (
				364A91451F6BB5F6009C8B52 /* Debug */,
				364A91461F6BB5F6009C8B52 /* Release */,
			);
			defaultConfigurationIsVisible = 0;
			defaultConfigurationName = Release;
		};
/* End XCConfigurationList section */
	};
	rootObject = 364A912A1F6BB5F6009C8B52 /* Project object */;
}
